
Microsoft Visual Studio Solution File, Format Version 12.00
# Visual Studio Version 17
VisualStudioVersion = 17.14.36623.8
MinimumVisualStudioVersion = 10.0.40219.1
Project("{F184B08F-C81C-45F6-A57F-5ABD9991F28F}") = "JelaWeb", "JelaWeb\JelaWeb.vbproj", "{B1D748BC-8707-47A1-86C4-ACCAEC065D76}"
EndProject
Project("{FAE04EC0-301F-11D3-BF4B-00C04F79EFBC}") = "JELA.API", "JELA.API\JELA.API\JELA.API.csproj", "{DE57E088-7F33-4252-2034-42C8625C5847}"
EndProject
Global
	GlobalSection(SolutionConfigurationPlatforms) = preSolution
		Debug|Any CPU = Debug|Any CPU
		Release|Any CPU = Release|Any CPU
	EndGlobalSection
	GlobalSection(ProjectConfigurationPlatforms) = postSolution
		{B1D748BC-8707-47A1-86C4-ACCAEC065D76}.Debug|Any CPU.ActiveCfg = Debug|Any CPU
		{B1D748BC-8707-47A1-86C4-ACCAEC065D76}.Debug|Any CPU.Build.0 = Debug|Any CPU
		{B1D748BC-8707-47A1-86C4-ACCAEC065D76}.Release|Any CPU.ActiveCfg = Release|Any CPU
		{B1D748BC-8707-47A1-86C4-ACCAEC065D76}.Release|Any CPU.Build.0 = Release|Any CPU
		{DE57E088-7F33-4252-2034-42C8625C5847}.Debug|Any CPU.ActiveCfg = Debug|Any CPU
		{DE57E088-7F33-4252-2034-42C8625C5847}.Debug|Any CPU.Build.0 = Debug|Any CPU
		{DE57E088-7F33-4252-2034-42C8625C5847}.Release|Any CPU.ActiveCfg = Release|Any CPU
		{DE57E088-7F33-4252-2034-42C8625C5847}.Release|Any CPU.Build.0 = Release|Any CPU
	EndGlobalSection
	GlobalSection(SolutionProperties) = preSolution
		HideSolutionNode = FALSE
	EndGlobalSection
EndGlobal
